// !$*UTF8*$!
{
	archiveVersion = 1;
	classes = {
	};
	objectVersion = 46;
	objects = {

/* Begin PBXBuildFile section */
		4DDD2C651C5B10C50096318B /* AppDelegate.swift in Sources */ = {isa = PBXBuildFile; fileRef = 4DDD2C641C5B10C50096318B /* AppDelegate.swift */; };
		4DDD2C671C5B10C50096318B /* MasterViewController.swift in Sources */ = {isa = PBXBuildFile; fileRef = 4DDD2C661C5B10C50096318B /* MasterViewController.swift */; };
		4DDD2C691C5B10C50096318B /* DetailViewController.swift in Sources */ = {isa = PBXBuildFile; fileRef = 4DDD2C681C5B10C50096318B /* DetailViewController.swift */; };
		4DDD2C6C1C5B10C50096318B /* Main.storyboard in Resources */ = {isa = PBXBuildFile; fileRef = 4DDD2C6A1C5B10C50096318B /* Main.storyboard */; };
		4DDD2C6E1C5B10C50096318B /* Assets.xcassets in Resources */ = {isa = PBXBuildFile; fileRef = 4DDD2C6D1C5B10C50096318B /* Assets.xcassets */; };
		4DDD2C711C5B10C50096318B /* LaunchScreen.storyboard in Resources */ = {isa = PBXBuildFile; fileRef = 4DDD2C6F1C5B10C50096318B /* LaunchScreen.storyboard */; };
		4DDD2C7C1C5B11750096318B /* FirstAppearing.swift in Sources */ = {isa = PBXBuildFile; fileRef = 4DDD2C7A1C5B11750096318B /* FirstAppearing.swift */; };
		4DDD2C7D1C5B11750096318B /* Info.plist in Resources */ = {isa = PBXBuildFile; fileRef = 4DDD2C7B1C5B11750096318B /* Info.plist */; };
/* End PBXBuildFile section */

/* Begin PBXFileReference section */
		4DDD2C611C5B10C50096318B /* Demo.app */ = {isa = PBXFileReference; explicitFileType = wrapper.application; includeInIndex = 0; path = Demo.app; sourceTree = BUILT_PRODUCTS_DIR; };
		4DDD2C641C5B10C50096318B /* AppDelegate.swift */ = {isa = PBXFileReference; lastKnownFileType = sourcecode.swift; path = AppDelegate.swift; sourceTree = "<group>"; };
		4DDD2C661C5B10C50096318B /* MasterViewController.swift */ = {isa = PBXFileReference; lastKnownFileType = sourcecode.swift; path = MasterViewController.swift; sourceTree = "<group>"; };
		4DDD2C681C5B10C50096318B /* DetailViewController.swift */ = {isa = PBXFileReference; lastKnownFileType = sourcecode.swift; path = DetailViewController.swift; sourceTree = "<group>"; };
		4DDD2C6B1C5B10C50096318B /* Base */ = {isa = PBXFileReference; lastKnownFileType = file.storyboard; name = Base; path = Base.lproj/Main.storyboard; sourceTree = "<group>"; };
		4DDD2C6D1C5B10C50096318B /* Assets.xcassets */ = {isa = PBXFileReference; lastKnownFileType = folder.assetcatalog; path = Assets.xcassets; sourceTree = "<group>"; };
		4DDD2C701C5B10C50096318B /* Base */ = {isa = PBXFileReference; lastKnownFileType = file.storyboard; name = Base; path = Base.lproj/LaunchScreen.storyboard; sourceTree = "<group>"; };
		4DDD2C721C5B10C50096318B /* Info.plist */ = {isa = PBXFileReference; lastKnownFileType = text.plist.xml; path = Info.plist; sourceTree = "<group>"; };
		4DDD2C791C5B11750096318B /* FirstAppearing.h */ = {isa = PBXFileReference; fileEncoding = 4; lastKnownFileType = sourcecode.c.h; path = FirstAppearing.h; sourceTree = "<group>"; };
		4DDD2C7A1C5B11750096318B /* FirstAppearing.swift */ = {isa = PBXFileReference; fileEncoding = 4; lastKnownFileType = sourcecode.swift; path = FirstAppearing.swift; sourceTree = "<group>"; };
		4DDD2C7B1C5B11750096318B /* Info.plist */ = {isa = PBXFileReference; fileEncoding = 4; lastKnownFileType = text.plist.xml; path = Info.plist; sourceTree = "<group>"; };
/* End PBXFileReference section */

/* Begin PBXFrameworksBuildPhase section */
		4DDD2C5E1C5B10C50096318B /* Frameworks */ = {
			isa = PBXFrameworksBuildPhase;
			buildActionMask = 2147483647;
			files = (
			);
			runOnlyForDeploymentPostprocessing = 0;
		};
/* End PBXFrameworksBuildPhase section */

/* Begin PBXGroup section */
		4DDD2C581C5B10C50096318B = {
			isa = PBXGroup;
			children = (
				4DDD2C781C5B11750096318B /* FirstAppearing */,
				4DDD2C631C5B10C50096318B /* Demo */,
				4DDD2C621C5B10C50096318B /* Products */,
			);
			sourceTree = "<group>";
		};
		4DDD2C621C5B10C50096318B /* Products */ = {
			isa = PBXGroup;
			children = (
				4DDD2C611C5B10C50096318B /* Demo.app */,
			);
			name = Products;
			sourceTree = "<group>";
		};
		4DDD2C631C5B10C50096318B /* Demo */ = {
			isa = PBXGroup;
			children = (
				4DDD2C641C5B10C50096318B /* AppDelegate.swift */,
				4DDD2C661C5B10C50096318B /* MasterViewController.swift */,
				4DDD2C681C5B10C50096318B /* DetailViewController.swift */,
				4DDD2C6A1C5B10C50096318B /* Main.storyboard */,
				4DDD2C6D1C5B10C50096318B /* Assets.xcassets */,
				4DDD2C6F1C5B10C50096318B /* LaunchScreen.storyboard */,
				4DDD2C721C5B10C50096318B /* Info.plist */,
			);
			path = Demo;
			sourceTree = "<group>";
		};
		4DDD2C781C5B11750096318B /* FirstAppearing */ = {
			isa = PBXGroup;
			children = (
				4DDD2C791C5B11750096318B /* FirstAppearing.h */,
				4DDD2C7A1C5B11750096318B /* FirstAppearing.swift */,
				4DDD2C7B1C5B11750096318B /* Info.plist */,
			);
			name = FirstAppearing;
			path = ../FirstAppearing;
			sourceTree = "<group>";
		};
/* End PBXGroup section */

/* Begin PBXNativeTarget section */
		4DDD2C601C5B10C50096318B /* Demo */ = {
			isa = PBXNativeTarget;
			buildConfigurationList = 4DDD2C751C5B10C50096318B /* Build configuration list for PBXNativeTarget "Demo" */;
			buildPhases = (
				4DDD2C5D1C5B10C50096318B /* Sources */,
				4DDD2C5E1C5B10C50096318B /* Frameworks */,
				4DDD2C5F1C5B10C50096318B /* Resources */,
			);
			buildRules = (
			);
			dependencies = (
			);
			name = Demo;
			productName = Demo;
			productReference = 4DDD2C611C5B10C50096318B /* Demo.app */;
			productType = "com.apple.product-type.application";
		};
/* End PBXNativeTarget section */

/* Begin PBXProject section */
		4DDD2C591C5B10C50096318B /* Project object */ = {
			isa = PBXProject;
			attributes = {
				LastSwiftUpdateCheck = 0720;
				LastUpgradeCheck = 0720;
				TargetAttributes = {
					4DDD2C601C5B10C50096318B = {
						CreatedOnToolsVersion = 7.2;
					};
				};
			};
			buildConfigurationList = 4DDD2C5C1C5B10C50096318B /* Build configuration list for PBXProject "Demo" */;
			compatibilityVersion = "Xcode 3.2";
			developmentRegion = English;
			hasScannedForEncodings = 0;
			knownRegions = (
				en,
				Base,
			);
			mainGroup = 4DDD2C581C5B10C50096318B;
			productRefGroup = 4DDD2C621C5B10C50096318B /* Products */;
			projectDirPath = "";
			projectRoot = "";
			targets = (
				4DDD2C601C5B10C50096318B /* Demo */,
			);
		};
/* End PBXProject section */

/* Begin PBXResourcesBuildPhase section */
		4DDD2C5F1C5B10C50096318B /* Resources */ = {
			isa = PBXResourcesBuildPhase;
			buildActionMask = 2147483647;
			files = (
				4DDD2C7D1C5B11750096318B /* Info.plist in Resources */,
				4DDD2C711C5B10C50096318B /* LaunchScreen.storyboard in Resources */,
				4DDD2C6E1C5B10C50096318B /* Assets.xcassets in Resources */,
				4DDD2C6C1C5B10C50096318B /* Main.storyboard in Resources */,
			);
			runOnlyForDeploymentPostprocessing = 0;
		};
/* End PBXResourcesBuildPhase section */

/* Begin PBXSourcesBuildPhase section */
		4DDD2C5D1C5B10C50096318B /* Sources */ = {
			isa = PBXSourcesBuildPhase;
			buildActionMask = 2147483647;
			files = (
				4DDD2C691C5B10C50096318B /* DetailViewController.swift in Sources */,
				4DDD2C671C5B10C50096318B /* MasterViewController.swift in Sources */,
				4DDD2C7C1C5B11750096318B /* FirstAppearing.swift in Sources */,
				4DDD2C651C5B10C50096318B /* AppDelegate.swift in Sources */,
			);
			runOnlyForDeploymentPostprocessing = 0;
		};
/* End PBXSourcesBuildPhase section */

/* Begin PBXVariantGroup section */
		4DDD2C6A1C5B10C50096318B /* Main.storyboard */ = {
			isa = PBXVariantGroup;
			children = (
				4DDD2C6B1C5B10C50096318B /* Base */,
			);
			name = Main.storyboard;
			sourceTree = "<group>";
		};
		4DDD2C6F1C5B10C50096318B /* LaunchScreen.storyboard */ = {
			isa = PBXVariantGroup;
			children = (
				4DDD2C701C5B10C50096318B /* Base */,
			);
			name = LaunchScreen.storyboard;
			sourceTree = "<group>";
		};
/* End PBXVariantGroup section */

/* Begin XCBuildConfiguration section */
		4DDD2C731C5B10C50096318B /* Debug */ = {
			isa = XCBuildConfiguration;
			buildSettings = {
				ALWAYS_SEARCH_USER_PATHS = NO;
				CLANG_CXX_LANGUAGE_STANDARD = "gnu++0x";
				CLANG_CXX_LIBRARY = "libc++";
				CLANG_ENABLE_MODULES = YES;
				CLANG_ENABLE_OBJC_ARC = YES;
				CLANG_WARN_BOOL_CONVERSION = YES;
				CLANG_WARN_CONSTANT_CONVERSION = YES;
				CLANG_WARN_DIRECT_OBJC_ISA_USAGE = YES_ERROR;
				CLANG_WARN_EMPTY_BODY = YES;
				CLANG_WARN_ENUM_CONVERSION = YES;
				CLANG_WARN_INT_CONVERSION = YES;
				CLANG_WARN_OBJC_ROOT_CLASS = YES_ERROR;
				CLANG_WARN_UNREACHABLE_CODE = YES;
				CLANG_WARN__DUPLICATE_METHOD_MATCH = YES;
				"CODE_SIGN_IDENTITY[sdk=iphoneos*]" = "iPhone Developer";
				COPY_PHASE_STRIP = NO;
				DEBUG_INFORMATION_FORMAT = dwarf;
				ENABLE_STRICT_OBJC_MSGSEND = YES;
				ENABLE_TESTABILITY = YES;
				GCC_C_LANGUAGE_STANDARD = gnu99;
				GCC_DYNAMIC_NO_PIC = NO;
				GCC_NO_COMMON_BLOCKS = YES;
				GCC_OPTIMIZATION_LEVEL = 0;
				GCC_PREPROCESSOR_DEFINITIONS = (
					"DEBUG=1",
					"$(inherited)",
				);
				GCC_WARN_64_TO_32_BIT_CONVERSION = YES;
				GCC_WARN_ABOUT_RETURN_TYPE = YES_ERROR;
				GCC_WARN_UNDECLARED_SELECTOR = YES;
				GCC_WARN_UNINITIALIZED_AUTOS = YES_AGGRESSIVE;
				GCC_WARN_UNUSED_FUNCTION = YES;
				GCC_WARN_UNUSED_VARIABLE = YES;
				IPHONEOS_DEPLOYMENT_TARGET = 9.2;
				MTL_ENABLE_DEBUG_INFO = YES;
				ONLY_ACTIVE_ARCH = YES;
				SDKROOT = iphoneos;
				SWIFT_OPTIMIZATION_LEVEL = "-Onone";
			};
			name = Debug;
		};
		4DDD2C741C5B10C50096318B /* Release */ = {
			isa = XCBuildConfiguration;
			buildSettings = {
				ALWAYS_SEARCH_USER_PATHS = NO;
				CLANG_CXX_LANGUAGE_STANDARD = "gnu++0x";
				CLANG_CXX_LIBRARY = "libc++";
				CLANG_ENABLE_MODULES = YES;
				CLANG_ENABLE_OBJC_ARC = YES;
				CLANG_WARN_BOOL_CONVERSION = YES;
				CLANG_WARN_CONSTANT_CONVERSION = YES;
				CLANG_WARN_DIRECT_OBJC_ISA_USAGE = YES_ERROR;
				CLANG_WARN_EMPTY_BODY = YES;
				CLANG_WARN_ENUM_CONVERSION = YES;
				CLANG_WARN_INT_CONVERSION = YES;
				CLANG_WARN_OBJC_ROOT_CLASS = YES_ERROR;
				CLANG_WARN_UNREACHABLE_CODE = YES;
				CLANG_WARN__DUPLICATE_METHOD_MATCH = YES;
				"CODE_SIGN_IDENTITY[sdk=iphoneos*]" = "iPhone Developer";
				COPY_PHASE_STRIP = NO;
				DEBUG_INFORMATION_FORMAT = "dwarf-with-dsym";
				ENABLE_NS_ASSERTIONS = NO;
				ENABLE_STRICT_OBJC_MSGSEND = YES;
				GCC_C_LANGUAGE_STANDARD = gnu99;
				GCC_NO_COMMON_BLOCKS = YES;
				GCC_WARN_64_TO_32_BIT_CONVERSION = YES;
				GCC_WARN_ABOUT_RETURN_TYPE = YES_ERROR;
				GCC_WARN_UNDECLARED_SELECTOR = YES;
				GCC_WARN_UNINITIALIZED_AUTOS = YES_AGGRESSIVE;
				GCC_WARN_UNUSED_FUNCTION = YES;
				GCC_WARN_UNUSED_VARIABLE = YES;
				IPHONEOS_DEPLOYMENT_TARGET = 9.2;
				MTL_ENABLE_DEBUG_INFO = NO;
				SDKROOT = iphoneos;
				VALIDATE_PRODUCT = YES;
			};
			name = Release;
		};
		4DDD2C761C5B10C50096318B /* Debug */ = {
			isa = XCBuildConfiguration;
			buildSettings = {
				ASSETCATALOG_COMPILER_APPICON_NAME = AppIcon;
				INFOPLIST_FILE = Demo/Info.plist;
				LD_RUNPATH_SEARCH_PATHS = "$(inherited) @executable_path/Frameworks";
				PRODUCT_BUNDLE_IDENTIFIER = "com.github.sgr-ksmt.Demo";
				PRODUCT_NAME = "$(TARGET_NAME)";
			};
			name = Debug;
		};
		4DDD2C771C5B10C50096318B /* Release */ = {
			isa = XCBuildConfiguration;
			buildSettings = {
				ASSETCATALOG_COMPILER_APPICON_NAME = AppIcon;
				INFOPLIST_FILE = Demo/Info.plist;
				LD_RUNPATH_SEARCH_PATHS = "$(inherited) @executable_path/Frameworks";
				PRODUCT_BUNDLE_IDENTIFIER = "com.github.sgr-ksmt.Demo";
				PRODUCT_NAME = "$(TARGET_NAME)";
			};
			name = Release;
		};
/* End XCBuildConfiguration section */

/* Begin XCConfigurationList section */
		4DDD2C5C1C5B10C50096318B /* Build configuration list for PBXProject "Demo" */ = {
			isa = XCConfigurationList;
			buildConfigurations = (
				4DDD2C731C5B10C50096318B /* Debug */,
				4DDD2C741C5B10C50096318B /* Release */,
			);
			defaultConfigurationIsVisible = 0;
			defaultConfigurationName = Release;
		};
		4DDD2C751C5B10C50096318B /* Build configuration list for PBXNativeTarget "Demo" */ = {
			isa = XCConfigurationList;
			buildConfigurations = (
				4DDD2C761C5B10C50096318B /* Debug */,
				4DDD2C771C5B10C50096318B /* Release */,
			);
			defaultConfigurationIsVisible = 0;
		};
/* End XCConfigurationList section */
	};
	rootObject = 4DDD2C591C5B10C50096318B /* Project object */;
}
